{
  "name": "snippets-plus",
  "version": "0.0.0",
  "lockfileVersion": 1,
  "requires": true,
  "dependencies": {
    "@types/atom": {
      "version": "1.40.4",
      "resolved": "https://registry.npmjs.org/@types/atom/-/atom-1.40.4.tgz",
      "integrity": "sha512-qG2h2Kpk7IiEkAAKKhMYJWz3wt7eay5EipVoy84ot9OZ3vTGLqOHX1M1ibGKtKnVrZabHws7ngKlt0Fjuvg4Tw==",
      "dev": true,
      "requires": {
        "@types/node": "*"
      }
    },
    "@types/node": {
      "version": "14.0.23",
      "resolved": "https://registry.npmjs.org/@types/node/-/node-14.0.23.tgz",
      "integrity": "sha512-Z4U8yDAl5TFkmYsZdFPdjeMa57NOvnaf1tljHzhouaPEp7LCj2JKkejpI1ODviIAQuW4CcQmxkQ77rnLsOOoKw==",
      "dev": true
    },
    "coffeescript": {
      "version": "1.12.7",
      "resolved": "https://registry.npmjs.org/coffeescript/-/coffeescript-1.12.7.tgz",
      "integrity": "sha512-pLXHFxQMPklVoEekowk8b3erNynC+DVJzChxS/LCBBgR6/8AJkHivkm//zbowcfc7BTCAjryuhx6gPqPRfsFoA=="
    },
    "cson-parser": {
      "version": "4.0.4",
      "resolved": "https://registry.npmjs.org/cson-parser/-/cson-parser-4.0.4.tgz",
      "integrity": "sha512-veObnzR9fDs/+kvio0I+jeZXjsJ9jF0jtisl7g+z9J0YzlJ0UjCaGtbUd6JgKcfBlF7RSaSb7GMJYvGqp64pcg==",
      "requires": {
        "coffeescript": "^1.10.0"
      }
    }
  }
}
